
Microsoft Visual Studio Solution File, Format Version 12.00
# Visual Studio 15
VisualStudioVersion = 15.0.28010.2041
MinimumVisualStudioVersion = 10.0.40219.1
Project("{2150E333-8FDC-42A3-9474-1A3956D46DE8}") = "Presentation", "Presentation", "{AAA53033-8BFA-42B3-843F-1DC69B639D7E}"
EndProject
Project("{FAE04EC0-301F-11D3-BF4B-00C04F79EFBC}") = "ProcessTree.Presentation.Wpf", "ProcessTree.Presentation.Wpf\ProcessTree.Presentation.Wpf.csproj", "{5139DA3C-4D68-4545-9CAE-35F58F8AF181}"
EndProject
Global
	GlobalSection(SolutionConfigurationPlatforms) = preSolution
		Debug|Any CPU = Debug|Any CPU
		Release|Any CPU = Release|Any CPU
	EndGlobalSection
	GlobalSection(ProjectConfigurationPlatforms) = postSolution
		{5139DA3C-4D68-4545-9CAE-35F58F8AF181}.Debug|Any CPU.ActiveCfg = Debug|Any CPU
		{5139DA3C-4D68-4545-9CAE-35F58F8AF181}.Debug|Any CPU.Build.0 = Debug|Any CPU
		{5139DA3C-4D68-4545-9CAE-35F58F8AF181}.Release|Any CPU.ActiveCfg = Release|Any CPU
		{5139DA3C-4D68-4545-9CAE-35F58F8AF181}.Release|Any CPU.Build.0 = Release|Any CPU
	EndGlobalSection
	GlobalSection(SolutionProperties) = preSolution
		HideSolutionNode = FALSE
	EndGlobalSection
	GlobalSection(NestedProjects) = preSolution
		{5139DA3C-4D68-4545-9CAE-35F58F8AF181} = {AAA53033-8BFA-42B3-843F-1DC69B639D7E}
	EndGlobalSection
	GlobalSection(ExtensibilityGlobals) = postSolution
		SolutionGuid = {16FF46AB-6024-46F5-A476-CB2A2ACD2F9C}
	EndGlobalSection
EndGlobal
